
Microsoft Visual Studio Solution File, Format Version 12.00
# Visual Studio Version 16
VisualStudioVersion = 16.0.30717.126
MinimumVisualStudioVersion = 10.0.40219.1
Project("{FAE04EC0-301F-11D3-BF4B-00C04F79EFBC}") = "Boxes of asterisks", "Boxes of asterisks\Boxes of asterisks.csproj", "{C132D927-739D-4294-A95C-A28966C16629}"
EndProject
Global
	GlobalSection(SolutionConfigurationPlatforms) = preSolution
		Debug|Any CPU = Debug|Any CPU
		Release|Any CPU = Release|Any CPU
	EndGlobalSection
	GlobalSection(ProjectConfigurationPlatforms) = postSolution
		{C132D927-739D-4294-A95C-A28966C16629}.Debug|Any CPU.ActiveCfg = Debug|Any CPU
		{C132D927-739D-4294-A95C-A28966C16629}.Debug|Any CPU.Build.0 = Debug|Any CPU
		{C132D927-739D-4294-A95C-A28966C16629}.Release|Any CPU.ActiveCfg = Release|Any CPU
		{C132D927-739D-4294-A95C-A28966C16629}.Release|Any CPU.Build.0 = Release|Any CPU
	EndGlobalSection
	GlobalSection(SolutionProperties) = preSolution
		HideSolutionNode = FALSE
	EndGlobalSection
	GlobalSection(ExtensibilityGlobals) = postSolution
		SolutionGuid = {9B8EAA29-428F-4901-A437-6977EF5E47B9}
	EndGlobalSection
EndGlobal
